
Microsoft Visual Studio Solution File, Format Version 12.00
# Visual Studio Version 17
VisualStudioVersion = 17.11.35327.3
MinimumVisualStudioVersion = 10.0.40219.1
Project("{2150E333-8FDC-42A3-9474-1A3956D46DE8}") = "src", "src", "{24617C20-BDBE-479B-9E91-61E0F8EF5BF8}"
EndProject
Project("{2150E333-8FDC-42A3-9474-1A3956D46DE8}") = "Çözüm Öğeleri", "Çözüm Öğeleri", "{55B971B9-40C9-4B9F-B1CD-FDFA4E5975F3}"
	ProjectSection(SolutionItems) = preProject
		ServiceUrls.txt = ServiceUrls.txt
	EndProjectSection
EndProject
Project("{2150E333-8FDC-42A3-9474-1A3956D46DE8}") = "ApiGateways", "ApiGateways", "{51A3B1B5-9A76-4139-A13A-34C86388B681}"
EndProject
Project("{2150E333-8FDC-42A3-9474-1A3956D46DE8}") = "BuildingBlocks", "BuildingBlocks", "{ADDDDBF1-7EEF-41C2-A4BB-440F86103326}"
EndProject
Project("{2150E333-8FDC-42A3-9474-1A3956D46DE8}") = "Services", "Services", "{DC943422-378D-4FDF-889F-D94C5BF1ACF8}"
EndProject
Project("{2150E333-8FDC-42A3-9474-1A3956D46DE8}") = "Clients", "Clients", "{1FA84182-67C6-4197-A01F-1485848D05ED}"
EndProject
Project("{2150E333-8FDC-42A3-9474-1A3956D46DE8}") = "WebApiGateway", "WebApiGateway", "{02FE23C8-87DA-4947-9529-E07F7D71C0B7}"
EndProject
Project("{FAE04EC0-301F-11D3-BF4B-00C04F79EFBC}") = "Web.ApiGateway", "src\ApiGateways\WebApiGateway\Web.ApiGateway\Web.ApiGateway.csproj", "{013FC807-99DE-4AD3-81EF-5DAF2445B2FD}"
EndProject
Project("{2150E333-8FDC-42A3-9474-1A3956D46DE8}") = "EventBus", "EventBus", "{20E84A82-C102-450D-B966-01BE83D10C45}"
EndProject
Project("{FAE04EC0-301F-11D3-BF4B-00C04F79EFBC}") = "EventBus.Base", "src\BuildingBlocks\EventBus\EventBus.Base\EventBus.Base.csproj", "{EE2FF8F3-4151-42AE-AE5F-1B00B5DF4CB4}"
EndProject
Project("{FAE04EC0-301F-11D3-BF4B-00C04F79EFBC}") = "EventBus.Factory", "src\BuildingBlocks\EventBus\EventBus.Factory\EventBus.Factory.csproj", "{6CAAAB18-64BD-4909-9BFE-1C5CBCF6636C}"
EndProject
Project("{FAE04EC0-301F-11D3-BF4B-00C04F79EFBC}") = "EventBus.AzureServiceBus", "src\BuildingBlocks\EventBus\EventBus.AzureServiceBus\EventBus.AzureServiceBus.csproj", "{75A2C7BD-B6D4-4BC1-A721-5EE383A67CE4}"
EndProject
Project("{FAE04EC0-301F-11D3-BF4B-00C04F79EFBC}") = "EventBus.RabbitMQ", "src\BuildingBlocks\EventBus\EventBus.RabbitMQ\EventBus.RabbitMQ.csproj", "{4E1227B7-8694-4BD6-B6BC-A74903074533}"
EndProject
Project("{2150E333-8FDC-42A3-9474-1A3956D46DE8}") = "BlazorWebApp", "BlazorWebApp", "{FD597F40-3472-4DA6-9ECF-32BDDEBCE089}"
EndProject
Project("{FAE04EC0-301F-11D3-BF4B-00C04F79EFBC}") = "WebApp", "src\Clients\BlazorWebApp\WebApp\WebApp.csproj", "{0DB68B74-DBB7-4E9B-8C8C-D0A7CF3C3CB0}"
EndProject
Project("{2150E333-8FDC-42A3-9474-1A3956D46DE8}") = "BasketService", "BasketService", "{882E0B90-131B-4CFD-93DE-D1AC909DD653}"
EndProject
Project("{FAE04EC0-301F-11D3-BF4B-00C04F79EFBC}") = "BasketService.Api", "src\Services\BasketService\BasketService.Api\BasketService.Api.csproj", "{B9C21994-9255-4FBD-82D4-A1E55F3D433B}"
EndProject
Project("{2150E333-8FDC-42A3-9474-1A3956D46DE8}") = "CatalogService", "CatalogService", "{84AABF53-8CFB-4BEF-9F3B-96C5EADEC5A7}"
EndProject
Project("{FAE04EC0-301F-11D3-BF4B-00C04F79EFBC}") = "CatalogService.Api", "src\Services\CatalogService\CatalogService.Api\CatalogService.Api.csproj", "{2D925B87-610E-47EF-BC13-0CE2DEF7F783}"
EndProject
Project("{2150E333-8FDC-42A3-9474-1A3956D46DE8}") = "IdentityService", "IdentityService", "{5030C566-5BA1-440C-BC7C-FE5A878302A8}"
EndProject
Project("{FAE04EC0-301F-11D3-BF4B-00C04F79EFBC}") = "IdentityService.Api", "src\Services\IdentityService\IdentityService.Api\IdentityService.Api.csproj", "{795A0617-B302-470F-ACFD-C1952FFC9ABA}"
EndProject
Project("{2150E333-8FDC-42A3-9474-1A3956D46DE8}") = "NotificationService", "NotificationService", "{9A77BECE-3892-4CC8-A433-06D34EBD41CA}"
EndProject
Project("{FAE04EC0-301F-11D3-BF4B-00C04F79EFBC}") = "NotificationService", "src\Services\NotificationService\NotificationService\NotificationService.csproj", "{8994C82F-518A-4680-A0B7-C1973F403676}"
EndProject
Project("{2150E333-8FDC-42A3-9474-1A3956D46DE8}") = "OrderService", "OrderService", "{71C563B5-BAE6-4516-8FB4-D11E79906C96}"
EndProject
Project("{FAE04EC0-301F-11D3-BF4B-00C04F79EFBC}") = "OrderService.Domain", "src\Services\OrderService\OrderService.Domain\OrderService.Domain.csproj", "{64EF957E-CB39-49C3-9549-8A60A65E93FC}"
EndProject
Project("{FAE04EC0-301F-11D3-BF4B-00C04F79EFBC}") = "OrderService.Application", "src\Services\OrderService\OrderService.Application\OrderService.Application.csproj", "{9D34954C-A495-4BCF-94D1-6148BB58455A}"
EndProject
Project("{FAE04EC0-301F-11D3-BF4B-00C04F79EFBC}") = "OrderService.Infrastructure", "src\Services\OrderService\OrderService.Infrastructure\OrderService.Infrastructure.csproj", "{ACDACBBF-D91D-4E73-9EE5-F385AD53801C}"
EndProject
Project("{FAE04EC0-301F-11D3-BF4B-00C04F79EFBC}") = "OrderService.Api", "src\Services\OrderService\OrderService.Api\OrderService.Api.csproj", "{B2A54B00-9038-472D-BE7B-E20C4A2A166E}"
EndProject
Project("{2150E333-8FDC-42A3-9474-1A3956D46DE8}") = "PaymentService", "PaymentService", "{E08818A9-F56D-499C-85AB-ED27844DD167}"
EndProject
Project("{FAE04EC0-301F-11D3-BF4B-00C04F79EFBC}") = "PaymentService.Api", "src\Services\PaymentService\PaymentService.Api\PaymentService.Api.csproj", "{95FB9D1F-E384-452D-B023-1FF7D3D2F2A2}"
EndProject
Global
	GlobalSection(SolutionConfigurationPlatforms) = preSolution
		Debug|Any CPU = Debug|Any CPU
		Release|Any CPU = Release|Any CPU
	EndGlobalSection
	GlobalSection(ProjectConfigurationPlatforms) = postSolution
		{013FC807-99DE-4AD3-81EF-5DAF2445B2FD}.Debug|Any CPU.ActiveCfg = Debug|Any CPU
		{013FC807-99DE-4AD3-81EF-5DAF2445B2FD}.Debug|Any CPU.Build.0 = Debug|Any CPU
		{013FC807-99DE-4AD3-81EF-5DAF2445B2FD}.Release|Any CPU.ActiveCfg = Release|Any CPU
		{013FC807-99DE-4AD3-81EF-5DAF2445B2FD}.Release|Any CPU.Build.0 = Release|Any CPU
		{EE2FF8F3-4151-42AE-AE5F-1B00B5DF4CB4}.Debug|Any CPU.ActiveCfg = Debug|Any CPU
		{EE2FF8F3-4151-42AE-AE5F-1B00B5DF4CB4}.Debug|Any CPU.Build.0 = Debug|Any CPU
		{EE2FF8F3-4151-42AE-AE5F-1B00B5DF4CB4}.Release|Any CPU.ActiveCfg = Release|Any CPU
		{EE2FF8F3-4151-42AE-AE5F-1B00B5DF4CB4}.Release|Any CPU.Build.0 = Release|Any CPU
		{6CAAAB18-64BD-4909-9BFE-1C5CBCF6636C}.Debug|Any CPU.ActiveCfg = Debug|Any CPU
		{6CAAAB18-64BD-4909-9BFE-1C5CBCF6636C}.Debug|Any CPU.Build.0 = Debug|Any CPU
		{6CAAAB18-64BD-4909-9BFE-1C5CBCF6636C}.Release|Any CPU.ActiveCfg = Release|Any CPU
		{6CAAAB18-64BD-4909-9BFE-1C5CBCF6636C}.Release|Any CPU.Build.0 = Release|Any CPU
		{75A2C7BD-B6D4-4BC1-A721-5EE383A67CE4}.Debug|Any CPU.ActiveCfg = Debug|Any CPU
		{75A2C7BD-B6D4-4BC1-A721-5EE383A67CE4}.Debug|Any CPU.Build.0 = Debug|Any CPU
		{75A2C7BD-B6D4-4BC1-A721-5EE383A67CE4}.Release|Any CPU.ActiveCfg = Release|Any CPU
		{75A2C7BD-B6D4-4BC1-A721-5EE383A67CE4}.Release|Any CPU.Build.0 = Release|Any CPU
		{4E1227B7-8694-4BD6-B6BC-A74903074533}.Debug|Any CPU.ActiveCfg = Debug|Any CPU
		{4E1227B7-8694-4BD6-B6BC-A74903074533}.Debug|Any CPU.Build.0 = Debug|Any CPU
		{4E1227B7-8694-4BD6-B6BC-A74903074533}.Release|Any CPU.ActiveCfg = Release|Any CPU
		{4E1227B7-8694-4BD6-B6BC-A74903074533}.Release|Any CPU.Build.0 = Release|Any CPU
		{0DB68B74-DBB7-4E9B-8C8C-D0A7CF3C3CB0}.Debug|Any CPU.ActiveCfg = Debug|Any CPU
		{0DB68B74-DBB7-4E9B-8C8C-D0A7CF3C3CB0}.Debug|Any CPU.Build.0 = Debug|Any CPU
		{0DB68B74-DBB7-4E9B-8C8C-D0A7CF3C3CB0}.Release|Any CPU.ActiveCfg = Release|Any CPU
		{0DB68B74-DBB7-4E9B-8C8C-D0A7CF3C3CB0}.Release|Any CPU.Build.0 = Release|Any CPU
		{B9C21994-9255-4FBD-82D4-A1E55F3D433B}.Debug|Any CPU.ActiveCfg = Debug|Any CPU
		{B9C21994-9255-4FBD-82D4-A1E55F3D433B}.Debug|Any CPU.Build.0 = Debug|Any CPU
		{B9C21994-9255-4FBD-82D4-A1E55F3D433B}.Release|Any CPU.ActiveCfg = Release|Any CPU
		{B9C21994-9255-4FBD-82D4-A1E55F3D433B}.Release|Any CPU.Build.0 = Release|Any CPU
		{2D925B87-610E-47EF-BC13-0CE2DEF7F783}.Debug|Any CPU.ActiveCfg = Debug|Any CPU
		{2D925B87-610E-47EF-BC13-0CE2DEF7F783}.Debug|Any CPU.Build.0 = Debug|Any CPU
		{2D925B87-610E-47EF-BC13-0CE2DEF7F783}.Release|Any CPU.ActiveCfg = Release|Any CPU
		{2D925B87-610E-47EF-BC13-0CE2DEF7F783}.Release|Any CPU.Build.0 = Release|Any CPU
		{795A0617-B302-470F-ACFD-C1952FFC9ABA}.Debug|Any CPU.ActiveCfg = Debug|Any CPU
		{795A0617-B302-470F-ACFD-C1952FFC9ABA}.Debug|Any CPU.Build.0 = Debug|Any CPU
		{795A0617-B302-470F-ACFD-C1952FFC9ABA}.Release|Any CPU.ActiveCfg = Release|Any CPU
		{795A0617-B302-470F-ACFD-C1952FFC9ABA}.Release|Any CPU.Build.0 = Release|Any CPU
		{8994C82F-518A-4680-A0B7-C1973F403676}.Debug|Any CPU.ActiveCfg = Debug|Any CPU
		{8994C82F-518A-4680-A0B7-C1973F403676}.Debug|Any CPU.Build.0 = Debug|Any CPU
		{8994C82F-518A-4680-A0B7-C1973F403676}.Release|Any CPU.ActiveCfg = Release|Any CPU
		{8994C82F-518A-4680-A0B7-C1973F403676}.Release|Any CPU.Build.0 = Release|Any CPU
		{64EF957E-CB39-49C3-9549-8A60A65E93FC}.Debug|Any CPU.ActiveCfg = Debug|Any CPU
		{64EF957E-CB39-49C3-9549-8A60A65E93FC}.Debug|Any CPU.Build.0 = Debug|Any CPU
		{64EF957E-CB39-49C3-9549-8A60A65E93FC}.Release|Any CPU.ActiveCfg = Release|Any CPU
		{64EF957E-CB39-49C3-9549-8A60A65E93FC}.Release|Any CPU.Build.0 = Release|Any CPU
		{9D34954C-A495-4BCF-94D1-6148BB58455A}.Debug|Any CPU.ActiveCfg = Debug|Any CPU
		{9D34954C-A495-4BCF-94D1-6148BB58455A}.Debug|Any CPU.Build.0 = Debug|Any CPU
		{9D34954C-A495-4BCF-94D1-6148BB58455A}.Release|Any CPU.ActiveCfg = Release|Any CPU
		{9D34954C-A495-4BCF-94D1-6148BB58455A}.Release|Any CPU.Build.0 = Release|Any CPU
		{ACDACBBF-D91D-4E73-9EE5-F385AD53801C}.Debug|Any CPU.ActiveCfg = Debug|Any CPU
		{ACDACBBF-D91D-4E73-9EE5-F385AD53801C}.Debug|Any CPU.Build.0 = Debug|Any CPU
		{ACDACBBF-D91D-4E73-9EE5-F385AD53801C}.Release|Any CPU.ActiveCfg = Release|Any CPU
		{ACDACBBF-D91D-4E73-9EE5-F385AD53801C}.Release|Any CPU.Build.0 = Release|Any CPU
		{B2A54B00-9038-472D-BE7B-E20C4A2A166E}.Debug|Any CPU.ActiveCfg = Debug|Any CPU
		{B2A54B00-9038-472D-BE7B-E20C4A2A166E}.Debug|Any CPU.Build.0 = Debug|Any CPU
		{B2A54B00-9038-472D-BE7B-E20C4A2A166E}.Release|Any CPU.ActiveCfg = Release|Any CPU
		{B2A54B00-9038-472D-BE7B-E20C4A2A166E}.Release|Any CPU.Build.0 = Release|Any CPU
		{95FB9D1F-E384-452D-B023-1FF7D3D2F2A2}.Debug|Any CPU.ActiveCfg = Debug|Any CPU
		{95FB9D1F-E384-452D-B023-1FF7D3D2F2A2}.Debug|Any CPU.Build.0 = Debug|Any CPU
		{95FB9D1F-E384-452D-B023-1FF7D3D2F2A2}.Release|Any CPU.ActiveCfg = Release|Any CPU
		{95FB9D1F-E384-452D-B023-1FF7D3D2F2A2}.Release|Any CPU.Build.0 = Release|Any CPU
	EndGlobalSection
	GlobalSection(SolutionProperties) = preSolution
		HideSolutionNode = FALSE
	EndGlobalSection
	GlobalSection(NestedProjects) = preSolution
		{51A3B1B5-9A76-4139-A13A-34C86388B681} = {24617C20-BDBE-479B-9E91-61E0F8EF5BF8}
		{ADDDDBF1-7EEF-41C2-A4BB-440F86103326} = {24617C20-BDBE-479B-9E91-61E0F8EF5BF8}
		{DC943422-378D-4FDF-889F-D94C5BF1ACF8} = {24617C20-BDBE-479B-9E91-61E0F8EF5BF8}
		{1FA84182-67C6-4197-A01F-1485848D05ED} = {24617C20-BDBE-479B-9E91-61E0F8EF5BF8}
		{02FE23C8-87DA-4947-9529-E07F7D71C0B7} = {51A3B1B5-9A76-4139-A13A-34C86388B681}
		{013FC807-99DE-4AD3-81EF-5DAF2445B2FD} = {02FE23C8-87DA-4947-9529-E07F7D71C0B7}
		{20E84A82-C102-450D-B966-01BE83D10C45} = {ADDDDBF1-7EEF-41C2-A4BB-440F86103326}
		{EE2FF8F3-4151-42AE-AE5F-1B00B5DF4CB4} = {20E84A82-C102-450D-B966-01BE83D10C45}
		{6CAAAB18-64BD-4909-9BFE-1C5CBCF6636C} = {20E84A82-C102-450D-B966-01BE83D10C45}
		{75A2C7BD-B6D4-4BC1-A721-5EE383A67CE4} = {20E84A82-C102-450D-B966-01BE83D10C45}
		{4E1227B7-8694-4BD6-B6BC-A74903074533} = {20E84A82-C102-450D-B966-01BE83D10C45}
		{FD597F40-3472-4DA6-9ECF-32BDDEBCE089} = {1FA84182-67C6-4197-A01F-1485848D05ED}
		{0DB68B74-DBB7-4E9B-8C8C-D0A7CF3C3CB0} = {FD597F40-3472-4DA6-9ECF-32BDDEBCE089}
		{882E0B90-131B-4CFD-93DE-D1AC909DD653} = {DC943422-378D-4FDF-889F-D94C5BF1ACF8}
		{B9C21994-9255-4FBD-82D4-A1E55F3D433B} = {882E0B90-131B-4CFD-93DE-D1AC909DD653}
		{84AABF53-8CFB-4BEF-9F3B-96C5EADEC5A7} = {DC943422-378D-4FDF-889F-D94C5BF1ACF8}
		{2D925B87-610E-47EF-BC13-0CE2DEF7F783} = {84AABF53-8CFB-4BEF-9F3B-96C5EADEC5A7}
		{5030C566-5BA1-440C-BC7C-FE5A878302A8} = {DC943422-378D-4FDF-889F-D94C5BF1ACF8}
		{795A0617-B302-470F-ACFD-C1952FFC9ABA} = {5030C566-5BA1-440C-BC7C-FE5A878302A8}
		{9A77BECE-3892-4CC8-A433-06D34EBD41CA} = {DC943422-378D-4FDF-889F-D94C5BF1ACF8}
		{8994C82F-518A-4680-A0B7-C1973F403676} = {9A77BECE-3892-4CC8-A433-06D34EBD41CA}
		{71C563B5-BAE6-4516-8FB4-D11E79906C96} = {DC943422-378D-4FDF-889F-D94C5BF1ACF8}
		{64EF957E-CB39-49C3-9549-8A60A65E93FC} = {71C563B5-BAE6-4516-8FB4-D11E79906C96}
		{9D34954C-A495-4BCF-94D1-6148BB58455A} = {71C563B5-BAE6-4516-8FB4-D11E79906C96}
		{ACDACBBF-D91D-4E73-9EE5-F385AD53801C} = {71C563B5-BAE6-4516-8FB4-D11E79906C96}
		{B2A54B00-9038-472D-BE7B-E20C4A2A166E} = {71C563B5-BAE6-4516-8FB4-D11E79906C96}
		{E08818A9-F56D-499C-85AB-ED27844DD167} = {DC943422-378D-4FDF-889F-D94C5BF1ACF8}
		{95FB9D1F-E384-452D-B023-1FF7D3D2F2A2} = {E08818A9-F56D-499C-85AB-ED27844DD167}
	EndGlobalSection
	GlobalSection(ExtensibilityGlobals) = postSolution
		SolutionGuid = {58F09EBB-CC7C-4660-ADBF-313A22CDE334}
	EndGlobalSection
EndGlobal
